<?xml version="1.0" encoding="utf-8"?>
<Project ToolsVersion="4.0" xmlns="http://schemas.microsoft.com/developer/msbuild/2003">
  <ItemGroup>
    <Filter Include="Source Files">
      <UniqueIdentifier>{4FC737F1-C7A5-4376-A066-2A32D752A2FF}</UniqueIdentifier>
      <Extensions>cpp;c;cc;cxx;c++;cppm;ixx;def;odl;idl;hpj;bat;asm;asmx</Extensions>
    </Filter>
    <Filter Include="Header Files">
      <UniqueIdentifier>{93995380-89BD-4b04-88EB-625FBE52EBFB}</UniqueIdentifier>
      <Extensions>h;hh;hpp;hxx;h++;hm;inl;inc;ipp;xsd</Extensions>
    </Filter>
    <Filter Include="Resource Files">
      <UniqueIdentifier>{67DA6AB6-F800-4c08-8B7A-83BB121AAD01}</UniqueIdentifier>
      <Extensions>rc;ico;cur;bmp;dlg;rc2;rct;bin;rgs;gif;jpg;jpeg;jpe;resx;tiff;tif;png;wav;mfcribbon-ms</Extensions>
    </Filter>
    <Filter Include="Media">
      <UniqueIdentifier>{fd94aff1-7048-4168-966a-088e42b11ed6}</UniqueIdentifier>
    </Filter>
  </ItemGroup>
  <ItemGroup>
    <ClCompile Include="main.cpp">
      <Filter>Source Files</Filter>
    </ClCompile>
    <ClCompile Include="input.cpp">
      <Filter>Source Files</Filter>
    </ClCompile>
    <ClCompile Include="anim.cpp">
      <Filter>Source Files</Filter>
    </ClCompile>
    <ClCompile Include="file.cpp">
      <Filter>Source Files</Filter>
    </ClCompile>
    <ClCompile Include="filemenu.cpp">
      <Filter>Source Files</Filter>
    </ClCompile>
    <ClCompile Include="font.cpp">
      <Filter>Source Files</Filter>
    </ClCompile>
    <ClCompile Include="game.cpp">
      <Filter>Source Files</Filter>
    </ClCompile>
    <ClCompile Include="gamemenu.cpp">
      <Filter>Source Files</Filter>
    </ClCompile>
    <ClCompile Include="gamemode.cpp">
      <Filter>Source Files</Filter>
    </ClCompile>
    <ClCompile Include="jj1bird.cpp">
      <Filter>Source Files</Filter>
    </ClCompile>
    <ClCompile Include="jj1bonuslevel.cpp">
      <Filter>Source Files</Filter>
    </ClCompile>
    <ClCompile Include="jj1bonuslevelplayer.cpp">
      <Filter>Source Files</Filter>
    </ClCompile>
    <ClCompile Include="jj1bridge.cpp">
      <Filter>Source Files</Filter>
    </ClCompile>
    <ClCompile Include="jj1bullet.cpp">
      <Filter>Source Files</Filter>
    </ClCompile>
    <ClCompile Include="jj1demolevel.cpp">
      <Filter>Source Files</Filter>
    </ClCompile>
    <ClCompile Include="jj1episodeutils.cpp">
      <Filter>Source Files</Filter>
    </ClCompile>
    <ClCompile Include="jj1event.cpp">
      <Filter>Source Files</Filter>
    </ClCompile>
    <ClCompile Include="jj1guardians.cpp">
      <Filter>Source Files</Filter>
    </ClCompile>
    <ClCompile Include="jj1level.cpp">
      <Filter>Source Files</Filter>
    </ClCompile>
    <ClCompile Include="jj1levelframe.cpp">
      <Filter>Source Files</Filter>
    </ClCompile>
    <ClCompile Include="jj1levelload.cpp">
      <Filter>Source Files</Filter>
    </ClCompile>
    <ClCompile Include="jj1levelplayer.cpp">
      <Filter>Source Files</Filter>
    </ClCompile>
    <ClCompile Include="jj1levelplayerframe.cpp">
      <Filter>Source Files</Filter>
    </ClCompile>
    <ClCompile Include="jj1planet.cpp">
      <Filter>Source Files</Filter>
    </ClCompile>
    <ClCompile Include="jj1save.cpp">
      <Filter>Source Files</Filter>
    </ClCompile>
    <ClCompile Include="jj1scene.cpp">
      <Filter>Source Files</Filter>
    </ClCompile>
    <ClCompile Include="jj1sceneload.cpp">
      <Filter>Source Files</Filter>
    </ClCompile>
    <ClCompile Include="jj1standardevent.cpp">
      <Filter>Source Files</Filter>
    </ClCompile>
    <ClCompile Include="level.cpp">
      <Filter>Source Files</Filter>
    </ClCompile>
    <ClCompile Include="localgame.cpp">
      <Filter>Source Files</Filter>
    </ClCompile>
    <ClCompile Include="log.cpp">
      <Filter>Source Files</Filter>
    </ClCompile>
    <ClCompile Include="mainmenu.cpp">
      <Filter>Source Files</Filter>
    </ClCompile>
    <ClCompile Include="menu.cpp">
      <Filter>Source Files</Filter>
    </ClCompile>
    <ClCompile Include="movable.cpp">
      <Filter>Source Files</Filter>
    </ClCompile>
    <ClCompile Include="paletteeffects.cpp">
      <Filter>Source Files</Filter>
    </ClCompile>
    <ClCompile Include="plasma.cpp">
      <Filter>Source Files</Filter>
    </ClCompile>
    <ClCompile Include="player.cpp">
      <Filter>Source Files</Filter>
    </ClCompile>
    <ClCompile Include="setup.cpp">
      <Filter>Source Files</Filter>
    </ClCompile>
    <ClCompile Include="setupmenu.cpp">
      <Filter>Source Files</Filter>
    </ClCompile>
    <ClCompile Include="sprite.cpp">
      <Filter>Source Files</Filter>
    </ClCompile>
    <ClCompile Include="util.cpp">
      <Filter>Source Files</Filter>
    </ClCompile>
    <ClCompile Include="version.cpp">
      <Filter>Source Files</Filter>
    </ClCompile>
    <ClCompile Include="xb_sdl_compat.cpp">
      <Filter>Source Files</Filter>
    </ClCompile>
    <ClCompile Include="video.cpp">
      <Filter>Source Files</Filter>
    </ClCompile>
    <ClCompile Include="sound.cpp">
      <Filter>Source Files</Filter>
    </ClCompile>
    <ClCompile Include="controls.cpp">
      <Filter>Source Files</Filter>
    </ClCompile>
    <ClCompile Include="network.cpp">
      <Filter>Source Files</Filter>
    </ClCompile>
    <ClCompile Include="platform_interface.cpp">
      <Filter>Source Files</Filter>
    </ClCompile>
    <ClCompile Include="xb_platform.cpp">
      <Filter>Source Files</Filter>
    </ClCompile>
    <ClCompile Include="engine.cpp">
      <Filter>Source Files</Filter>
    </ClCompile>
    <ClCompile Include="miniz.cpp">
      <Filter>Source Files</Filter>
    </ClCompile>
    <ClCompile Include="clientgame.cpp">
      <Filter>Source Files</Filter>
    </ClCompile>
    <ClCompile Include="servergame.cpp">
      <Filter>Source Files</Filter>
    </ClCompile>
    <ClCompile Include="xb_runtime.cpp">
      <Filter>Source Files</Filter>
    </ClCompile>
    <ClCompile Include="xb_d3d_init.cpp">
      <Filter>Source Files</Filter>
    </ClCompile>
    <ClCompile Include="xb_file_compat.cpp">
      <Filter>Source Files</Filter>
    </ClCompile>
    <ClCompile Include="xb_input.cpp">
      <Filter>Source Files</Filter>
    </ClCompile>
    <ClCompile Include="xb_audio.cpp">
      <Filter>Source Files</Filter>
    </ClCompile>
    <ClCompile Include="fastmix.cpp">
      <Filter>Source Files</Filter>
    </ClCompile>
    <ClCompile Include="load_psm.cpp">
      <Filter>Source Files</Filter>
    </ClCompile>
    <ClCompile Include="snd_dsp.cpp">
      <Filter>Source Files</Filter>
    </ClCompile>
    <ClCompile Include="snd_flt.cpp">
      <Filter>Source Files</Filter>
    </ClCompile>
    <ClCompile Include="snd_fx.cpp">
      <Filter>Source Files</Filter>
    </ClCompile>
    <ClCompile Include="sndfile.cpp">
      <Filter>Source Files</Filter>
    </ClCompile>
    <ClCompile Include="sndmix.cpp">
      <Filter>Source Files</Filter>
    </ClCompile>
    <ClCompile Include="xb_anim_compat.cpp">
      <Filter>Source Files</Filter>
    </ClCompile>
    <ClCompile Include="psmplug.cpp">
      <Filter>Source Files</Filter>
    </ClCompile>
    <ClCompile Include="xb_exit.cpp">
      <Filter>Source Files</Filter>
    </ClCompile>
    <ClCompile Include="xb_splash.cpp">
      <Filter>Source Files</Filter>
    </ClCompile>
    <ClCompile Include="scale2x.cpp">
      <Filter>Source Files</Filter>
    </ClCompile>
    <ClCompile Include="xb_config.cpp">
      <Filter>Source Files</Filter>
    </ClCompile>
    <ClCompile Include="xb_net.cpp">
      <Filter>Source Files</Filter>
    </ClCompile>
    <ClCompile Include="xt_textentry.cpp">
      <Filter>Source Files</Filter>
    </ClCompile>
    <ClCompile Include="xb_net_glue.cpp">
      <Filter>Source Files</Filter>
    </ClCompile>
    <ClCompile Include="xb_netlog.cpp">
      <Filter>Source Files</Filter>
    </ClCompile>
  </ItemGroup>
  <ItemGroup>
    <Text Include="Media\Copy Assets Here.txt">
      <Filter>Media</Filter>
    </Text>
  </ItemGroup>
  <ItemGroup>
    <ClInclude Include="input.h">
      <Filter>Header Files</Filter>
    </ClInclude>
    <ClInclude Include="anim.h">
      <Filter>Header Files</Filter>
    </ClInclude>
    <ClInclude Include="file.h">
      <Filter>Header Files</Filter>
    </ClInclude>
    <ClInclude Include="font.h">
      <Filter>Header Files</Filter>
    </ClInclude>
    <ClInclude Include="game.h">
      <Filter>Header Files</Filter>
    </ClInclude>
    <ClInclude Include="gamemode.h">
      <Filter>Header Files</Filter>
    </ClInclude>
    <ClInclude Include="jj1bird.h">
      <Filter>Header Files</Filter>
    </ClInclude>
    <ClInclude Include="jj1bonuslevel.h">
      <Filter>Header Files</Filter>
    </ClInclude>
    <ClInclude Include="jj1bonuslevelplayer.h">
      <Filter>Header Files</Filter>
    </ClInclude>
    <ClInclude Include="jj1bullet.h">
      <Filter>Header Files</Filter>
    </ClInclude>
    <ClInclude Include="jj1episodeutils.h">
      <Filter>Header Files</Filter>
    </ClInclude>
    <ClInclude Include="jj1event.h">
      <Filter>Header Files</Filter>
    </ClInclude>
    <ClInclude Include="jj1guardians.h">
      <Filter>Header Files</Filter>
    </ClInclude>
    <ClInclude Include="jj1level.h">
      <Filter>Header Files</Filter>
    </ClInclude>
    <ClInclude Include="jj1levelplayer.h">
      <Filter>Header Files</Filter>
    </ClInclude>
    <ClInclude Include="jj1planet.h">
      <Filter>Header Files</Filter>
    </ClInclude>
    <ClInclude Include="jj1save.h">
      <Filter>Header Files</Filter>
    </ClInclude>
    <ClInclude Include="jj1scene.h">
      <Filter>Header Files</Filter>
    </ClInclude>
    <ClInclude Include="level.h">
      <Filter>Header Files</Filter>
    </ClInclude>
    <ClInclude Include="levelplayer.h">
      <Filter>Header Files</Filter>
    </ClInclude>
    <ClInclude Include="log.h">
      <Filter>Header Files</Filter>
    </ClInclude>
    <ClInclude Include="logo.h">
      <Filter>Header Files</Filter>
    </ClInclude>
    <ClInclude Include="menu.h">
      <Filter>Header Files</Filter>
    </ClInclude>
    <ClInclude Include="movable.h">
      <Filter>Header Files</Filter>
    </ClInclude>
    <ClInclude Include="OpenJazz.h">
      <Filter>Header Files</Filter>
    </ClInclude>
    <ClInclude Include="paletteeffects.h">
      <Filter>Header Files</Filter>
    </ClInclude>
    <ClInclude Include="plasma.h">
      <Filter>Header Files</Filter>
    </ClInclude>
    <ClInclude Include="player.h">
      <Filter>Header Files</Filter>
    </ClInclude>
    <ClInclude Include="setup.h">
      <Filter>Header Files</Filter>
    </ClInclude>
    <ClInclude Include="sprite.h">
      <Filter>Header Files</Filter>
    </ClInclude>
    <ClInclude Include="types.h">
      <Filter>Header Files</Filter>
    </ClInclude>
    <ClInclude Include="util.h">
      <Filter>Header Files</Filter>
    </ClInclude>
    <ClInclude Include="version.h">
      <Filter>Header Files</Filter>
    </ClInclude>
    <ClInclude Include="xb_compat.h">
      <Filter>Header Files</Filter>
    </ClInclude>
    <ClInclude Include="xb_sdl_compat.h">
      <Filter>Header Files</Filter>
    </ClInclude>
    <ClInclude Include="SDL.h">
      <Filter>Header Files</Filter>
    </ClInclude>
    <ClInclude Include="sdl_audio.h">
      <Filter>Header Files</Filter>
    </ClInclude>
    <ClInclude Include="video.h">
      <Filter>Header Files</Filter>
    </ClInclude>
    <ClInclude Include="sound.h">
      <Filter>Header Files</Filter>
    </ClInclude>
    <ClInclude Include="controls.h">
      <Filter>Header Files</Filter>
    </ClInclude>
    <ClInclude Include="network.h">
      <Filter>Header Files</Filter>
    </ClInclude>
    <ClInclude Include="platforms.h">
      <Filter>Header Files</Filter>
    </ClInclude>
    <ClInclude Include="platform_interface.h">
      <Filter>Header Files</Filter>
    </ClInclude>
    <ClInclude Include="xb_platform.h">
      <Filter>Header Files</Filter>
    </ClInclude>
    <ClInclude Include="unistd.h">
      <Filter>Header Files</Filter>
    </ClInclude>
    <ClInclude Include="stb_rect_pack.h">
      <Filter>Header Files</Filter>
    </ClInclude>
    <ClInclude Include="loop.h">
      <Filter>Header Files</Filter>
    </ClInclude>
    <ClInclude Include="miniz.h">
      <Filter>Header Files</Filter>
    </ClInclude>
    <ClInclude Include="xb_input.h">
      <Filter>Header Files</Filter>
    </ClInclude>
    <ClInclude Include="xb_audio.h">
      <Filter>Header Files</Filter>
    </ClInclude>
    <ClInclude Include="psmplug.h">
      <Filter>Header Files</Filter>
    </ClInclude>
    <ClInclude Include="stdafx.h">
      <Filter>Header Files</Filter>
    </ClInclude>
    <ClInclude Include="sndfile.h">
      <Filter>Header Files</Filter>
    </ClInclude>
    <ClInclude Include="tables.h">
      <Filter>Header Files</Filter>
    </ClInclude>
    <ClInclude Include="xb_exit.h">
      <Filter>Header Files</Filter>
    </ClInclude>
    <ClInclude Include="darkone83_splash.h">
      <Filter>Header Files</Filter>
    </ClInclude>
    <ClInclude Include="rxdk_splash.h">
      <Filter>Header Files</Filter>
    </ClInclude>
    <ClInclude Include="xb_splash.h">
      <Filter>Header Files</Filter>
    </ClInclude>
    <ClInclude Include="scale2x.h">
      <Filter>Header Files</Filter>
    </ClInclude>
    <ClInclude Include="xb_config.h">
      <Filter>Header Files</Filter>
    </ClInclude>
    <ClInclude Include="xb_net.h">
      <Filter>Header Files</Filter>
    </ClInclude>
    <ClInclude Include="xb_textentry.h">
      <Filter>Header Files</Filter>
    </ClInclude>
    <ClInclude Include="xb_net_glue.h">
      <Filter>Header Files</Filter>
    </ClInclude>
    <ClInclude Include="xb_netlog.h">
      <Filter>Header Files</Filter>
    </ClInclude>
  </ItemGroup>
</Project>